
Microsoft Visual Studio Solution File, Format Version 12.00
# Visual Studio 14
VisualStudioVersion = 14.0.25420.1
MinimumVisualStudioVersion = 10.0.40219.1
Project("{FAE04EC0-301F-11D3-BF4B-00C04F79EFBC}") = "Domain.Tests", "Domain.Tests\Domain.Tests.csproj", "{CAEAD39E-F80A-4231-A18E-921251D45356}"
EndProject
Project("{FAE04EC0-301F-11D3-BF4B-00C04F79EFBC}") = "Domain", "Domain\Domain.csproj", "{266DC522-09D8-46E3-AC45-E0666070DC7B}"
EndProject
Global
	GlobalSection(SolutionConfigurationPlatforms) = preSolution
		Debug|Any CPU = Debug|Any CPU
		Release|Any CPU = Release|Any CPU
	EndGlobalSection
	GlobalSection(ProjectConfigurationPlatforms) = postSolution
		{CAEAD39E-F80A-4231-A18E-921251D45356}.Debug|Any CPU.ActiveCfg = Debug|Any CPU
		{CAEAD39E-F80A-4231-A18E-921251D45356}.Debug|Any CPU.Build.0 = Debug|Any CPU
		{CAEAD39E-F80A-4231-A18E-921251D45356}.Release|Any CPU.ActiveCfg = Release|Any CPU
		{CAEAD39E-F80A-4231-A18E-921251D45356}.Release|Any CPU.Build.0 = Release|Any CPU
		{266DC522-09D8-46E3-AC45-E0666070DC7B}.Debug|Any CPU.ActiveCfg = Debug|Any CPU
		{266DC522-09D8-46E3-AC45-E0666070DC7B}.Debug|Any CPU.Build.0 = Debug|Any CPU
		{266DC522-09D8-46E3-AC45-E0666070DC7B}.Release|Any CPU.ActiveCfg = Release|Any CPU
		{266DC522-09D8-46E3-AC45-E0666070DC7B}.Release|Any CPU.Build.0 = Release|Any CPU
	EndGlobalSection
	GlobalSection(SolutionProperties) = preSolution
		HideSolutionNode = FALSE
	EndGlobalSection
EndGlobal
